<?xml version="1.0" encoding="utf-8"?>
<Project ToolsVersion="4.0" xmlns="http://schemas.microsoft.com/developer/msbuild/2003">
  <ItemGroup>
    <Filter Include="源文件">
      <UniqueIdentifier>{4FC737F1-C7A5-4376-A066-2A32D752A2FF}</UniqueIdentifier>
      <Extensions>cpp;c;cc;cxx;def;odl;idl;hpj;bat;asm;asmx</Extensions>
    </Filter>
    <Filter Include="头文件">
      <UniqueIdentifier>{93995380-89BD-4b04-88EB-625FBE52EBFB}</UniqueIdentifier>
      <Extensions>h;hpp;hxx;hm;inl;inc;xsd</Extensions>
    </Filter>
    <Filter Include="资源文件">
      <UniqueIdentifier>{67DA6AB6-F800-4c08-8B7A-83BB121AAD01}</UniqueIdentifier>
      <Extensions>rc;ico;cur;bmp;dlg;rc2;rct;bin;rgs;gif;jpg;jpeg;jpe;resx;tiff;tif;png;wav</Extensions>
    </Filter>
  </ItemGroup>
  <ItemGroup>
    <ClCompile Include="..\src\lib\dict.cpp">
      <Filter>源文件</Filter>
    </ClCompile>
    <ClCompile Include="..\src\lib\getaddrinfo.cpp">
      <Filter>源文件</Filter>
    </ClCompile>
    <ClCompile Include="..\src\lib\hash.cpp">
      <Filter>源文件</Filter>
    </ClCompile>
    <ClCompile Include="..\src\lib\hmac.cpp">
      <Filter>源文件</Filter>
    </ClCompile>
    <ClCompile Include="..\src\lib\isaac.cpp">
      <Filter>源文件</Filter>
    </ClCompile>
    <ClCompile Include="..\src\lib\log.cpp">
      <Filter>源文件</Filter>
    </ClCompile>
    <ClCompile Include="..\src\lib\md4.cpp">
      <Filter>源文件</Filter>
    </ClCompile>
    <ClCompile Include="..\src\lib\md5.cpp">
      <Filter>源文件</Filter>
    </ClCompile>
    <ClCompile Include="..\src\lib\misc.cpp">
      <Filter>源文件</Filter>
    </ClCompile>
    <ClCompile Include="..\src\lib\missing.cpp">
      <Filter>源文件</Filter>
    </ClCompile>
    <ClCompile Include="..\src\lib\packet.cpp">
      <Filter>源文件</Filter>
    </ClCompile>
    <ClCompile Include="..\src\lib\print.cpp">
      <Filter>源文件</Filter>
    </ClCompile>
    <ClCompile Include="..\src\lib\radius.cpp">
      <Filter>源文件</Filter>
    </ClCompile>
    <ClCompile Include="..\src\lib\rbtree.cpp">
      <Filter>源文件</Filter>
    </ClCompile>
    <ClCompile Include="..\src\lib\sha1.cpp">
      <Filter>源文件</Filter>
    </ClCompile>
    <ClCompile Include="..\src\lib\snprintf.cpp">
      <Filter>源文件</Filter>
    </ClCompile>
    <ClCompile Include="stdafx.cpp">
      <Filter>源文件</Filter>
    </ClCompile>
    <ClCompile Include="..\src\lib\strlcat.cpp">
      <Filter>源文件</Filter>
    </ClCompile>
    <ClCompile Include="..\src\lib\strlcpy.cpp">
      <Filter>源文件</Filter>
    </ClCompile>
    <ClCompile Include="..\src\lib\token.cpp">
      <Filter>源文件</Filter>
    </ClCompile>
    <ClCompile Include="..\src\lib\valuepair.cpp">
      <Filter>源文件</Filter>
    </ClCompile>
    <ClCompile Include="WinRadiusClient.cpp">
      <Filter>源文件</Filter>
    </ClCompile>
    <ClCompile Include="radclient.cpp">
      <Filter>源文件</Filter>
    </ClCompile>
    <ClCompile Include="..\src\getopt.cpp">
      <Filter>源文件</Filter>
    </ClCompile>
    <ClCompile Include="..\src\modules\rlm_mschap\smbdes.cpp">
      <Filter>源文件</Filter>
    </ClCompile>
    <ClCompile Include="..\winradiusd\mschap.cpp">
      <Filter>源文件</Filter>
    </ClCompile>
  </ItemGroup>
  <ItemGroup>
    <ClInclude Include="..\src\freeradius-devel\hash.h">
      <Filter>头文件</Filter>
    </ClInclude>
    <ClInclude Include="..\src\freeradius-devel\libradius.h">
      <Filter>头文件</Filter>
    </ClInclude>
    <ClInclude Include="..\src\freeradius-devel\md4.h">
      <Filter>头文件</Filter>
    </ClInclude>
    <ClInclude Include="..\src\freeradius-devel\md5.h">
      <Filter>头文件</Filter>
    </ClInclude>
    <ClInclude Include="..\src\freeradius-devel\missing.h">
      <Filter>头文件</Filter>
    </ClInclude>
    <ClInclude Include="..\src\freeradius-devel\packet.h">
      <Filter>头文件</Filter>
    </ClInclude>
    <ClInclude Include="..\src\freeradius-devel\rad_types.h">
      <Filter>头文件</Filter>
    </ClInclude>
    <ClInclude Include="..\src\freeradius-devel\radius.h">
      <Filter>头文件</Filter>
    </ClInclude>
    <ClInclude Include="..\src\freeradius-devel\radiusd.h">
      <Filter>头文件</Filter>
    </ClInclude>
    <ClInclude Include="..\src\freeradius-devel\radsniff.h">
      <Filter>头文件</Filter>
    </ClInclude>
    <ClInclude Include="..\src\freeradius-devel\sha1.h">
      <Filter>头文件</Filter>
    </ClInclude>
    <ClInclude Include="..\src\freeradius-devel\snprintf.h">
      <Filter>头文件</Filter>
    </ClInclude>
    <ClInclude Include="stdafx.h">
      <Filter>头文件</Filter>
    </ClInclude>
    <ClInclude Include="targetver.h">
      <Filter>头文件</Filter>
    </ClInclude>
    <ClInclude Include="..\src\freeradius-devel\token.h">
      <Filter>头文件</Filter>
    </ClInclude>
  </ItemGroup>
  <ItemGroup>
    <None Include="ReadMe.txt" />
  </ItemGroup>
</Project>