<?xml version="1.0" encoding="utf-8"?>
<Project ToolsVersion="4.0" xmlns="http://schemas.microsoft.com/developer/msbuild/2003">
  <ItemGroup>
    <Filter Include="源文件">
      <UniqueIdentifier>{4FC737F1-C7A5-4376-A066-2A32D752A2FF}</UniqueIdentifier>
      <Extensions>cpp;c;cc;cxx;def;odl;idl;hpj;bat;asm;asmx</Extensions>
    </Filter>
    <Filter Include="头文件">
      <UniqueIdentifier>{93995380-89BD-4b04-88EB-625FBE52EBFB}</UniqueIdentifier>
      <Extensions>h;hpp;hxx;hm;inl;inc;xsd</Extensions>
    </Filter>
    <Filter Include="资源文件">
      <UniqueIdentifier>{67DA6AB6-F800-4c08-8B7A-83BB121AAD01}</UniqueIdentifier>
      <Extensions>rc;ico;cur;bmp;dlg;rc2;rct;bin;rgs;gif;jpg;jpeg;jpe;resx;tiff;tif;png;wav</Extensions>
    </Filter>
    <Filter Include="源文件\module">
      <UniqueIdentifier>{b55f31e6-8349-40b1-bb74-4f77b3a1d3c9}</UniqueIdentifier>
    </Filter>
    <Filter Include="源文件\module\rlm_exec">
      <UniqueIdentifier>{607524f6-c7b4-48bb-b308-1028a10a9f6a}</UniqueIdentifier>
    </Filter>
    <Filter Include="源文件\module\rlm_pap">
      <UniqueIdentifier>{61bf7f8b-4074-43be-88fe-b3c0f40e3690}</UniqueIdentifier>
    </Filter>
    <Filter Include="源文件\module\rlm_chap">
      <UniqueIdentifier>{fcef0fab-e4d9-4472-8a05-700145125cf1}</UniqueIdentifier>
    </Filter>
    <Filter Include="源文件\module\rlm_mschap">
      <UniqueIdentifier>{a05cd8e4-014a-40d5-8dd0-8f403510e481}</UniqueIdentifier>
    </Filter>
    <Filter Include="源文件\module\rlm_digest">
      <UniqueIdentifier>{09d95158-2721-41f0-b500-4d8aaf875e46}</UniqueIdentifier>
    </Filter>
    <Filter Include="源文件\module\rlm_eap">
      <UniqueIdentifier>{6c7001f8-b714-471f-b1ba-c844dbf8ae4c}</UniqueIdentifier>
    </Filter>
    <Filter Include="源文件\module\rlm_preprocess">
      <UniqueIdentifier>{55d8401c-6a5a-45e0-b99c-494380f48482}</UniqueIdentifier>
    </Filter>
    <Filter Include="源文件\module\rlm_realm">
      <UniqueIdentifier>{5b365ca6-809b-4c36-a777-a2b21c0d7ba2}</UniqueIdentifier>
    </Filter>
    <Filter Include="源文件\module\rlm_files">
      <UniqueIdentifier>{60ef87e6-0214-450c-b039-8d7b0d175f83}</UniqueIdentifier>
    </Filter>
    <Filter Include="源文件\module\rlm_expiration">
      <UniqueIdentifier>{d8b6b8d3-941f-4469-be76-234a1f76ddd9}</UniqueIdentifier>
    </Filter>
    <Filter Include="源文件\module\rlm_logintime">
      <UniqueIdentifier>{e98f7f6b-21a2-4585-8cb0-e0c38654b56e}</UniqueIdentifier>
    </Filter>
    <Filter Include="源文件\module\rlm_acct_unique">
      <UniqueIdentifier>{81492729-1dd5-4837-8979-4dc9b8d48bcc}</UniqueIdentifier>
    </Filter>
    <Filter Include="源文件\module\rlm_detail">
      <UniqueIdentifier>{b0848c8d-6c5b-4ae7-ad55-cc900459b40e}</UniqueIdentifier>
    </Filter>
    <Filter Include="源文件\module\rlm_radutmp">
      <UniqueIdentifier>{8c98eae7-f245-453f-b686-0a0ec5a77da9}</UniqueIdentifier>
    </Filter>
    <Filter Include="源文件\module\rlm_attr_filter">
      <UniqueIdentifier>{4bfb5bb3-7448-4441-9194-fcc4fafa8bf5}</UniqueIdentifier>
    </Filter>
    <Filter Include="源文件\module\rlm_acctlog">
      <UniqueIdentifier>{d4d216d4-b289-42f1-a847-8d9e3ae9b5bc}</UniqueIdentifier>
    </Filter>
    <Filter Include="源文件\module\rlm_always">
      <UniqueIdentifier>{09eea562-04fb-4f71-8d5a-1f2a11d985e2}</UniqueIdentifier>
    </Filter>
    <Filter Include="源文件\module\rlm_attr_rewrite">
      <UniqueIdentifier>{e58cb902-3571-4784-9fef-c39605b72ba2}</UniqueIdentifier>
    </Filter>
    <Filter Include="源文件\module\rlm_cache">
      <UniqueIdentifier>{38db9d51-8668-41ca-aa21-a39f6853db82}</UniqueIdentifier>
    </Filter>
    <Filter Include="源文件\module\rlm_caching">
      <UniqueIdentifier>{057bc4b8-705e-4fd1-9b01-c412e3fac708}</UniqueIdentifier>
    </Filter>
  </ItemGroup>
  <ItemGroup>
    <ClCompile Include="acct.cpp">
      <Filter>源文件</Filter>
    </ClCompile>
    <ClCompile Include="auth.cpp">
      <Filter>源文件</Filter>
    </ClCompile>
    <ClCompile Include="client.cpp">
      <Filter>源文件</Filter>
    </ClCompile>
    <ClCompile Include="command.cpp">
      <Filter>源文件</Filter>
    </ClCompile>
    <ClCompile Include="conffile.cpp">
      <Filter>源文件</Filter>
    </ClCompile>
    <ClCompile Include="crypt.cpp">
      <Filter>源文件</Filter>
    </ClCompile>
    <ClCompile Include="detail.cpp">
      <Filter>源文件</Filter>
    </ClCompile>
    <ClCompile Include="dhcpd.cpp">
      <Filter>源文件</Filter>
    </ClCompile>
    <ClCompile Include="..\src\lib\dict.cpp">
      <Filter>源文件</Filter>
    </ClCompile>
    <ClCompile Include="evaluate.cpp">
      <Filter>源文件</Filter>
    </ClCompile>
    <ClCompile Include="..\src\lib\event-lib.cpp">
      <Filter>源文件</Filter>
    </ClCompile>
    <ClCompile Include="event.cpp">
      <Filter>源文件</Filter>
    </ClCompile>
    <ClCompile Include="exec.cpp">
      <Filter>源文件</Filter>
    </ClCompile>
    <ClCompile Include="..\src\lib\fifo.cpp">
      <Filter>源文件</Filter>
    </ClCompile>
    <ClCompile Include="..\src\lib\getaddrinfo.cpp">
      <Filter>源文件</Filter>
    </ClCompile>
    <ClCompile Include="..\src\getopt.cpp">
      <Filter>源文件</Filter>
    </ClCompile>
    <ClCompile Include="..\src\lib\hash.cpp">
      <Filter>源文件</Filter>
    </ClCompile>
    <ClCompile Include="..\src\lib\heap.cpp">
      <Filter>源文件</Filter>
    </ClCompile>
    <ClCompile Include="..\src\lib\hmac.cpp">
      <Filter>源文件</Filter>
    </ClCompile>
    <ClCompile Include="..\src\lib\isaac.cpp">
      <Filter>源文件</Filter>
    </ClCompile>
    <ClCompile Include="listen.cpp">
      <Filter>源文件</Filter>
    </ClCompile>
    <ClCompile Include="log.cpp">
      <Filter>源文件</Filter>
    </ClCompile>
    <ClCompile Include="mainconfig.cpp">
      <Filter>源文件</Filter>
    </ClCompile>
    <ClCompile Include="..\src\lib\md4.cpp">
      <Filter>源文件</Filter>
    </ClCompile>
    <ClCompile Include="..\src\lib\md5.cpp">
      <Filter>源文件</Filter>
    </ClCompile>
    <ClCompile Include="..\src\lib\misc.cpp">
      <Filter>源文件</Filter>
    </ClCompile>
    <ClCompile Include="..\src\lib\missing.cpp">
      <Filter>源文件</Filter>
    </ClCompile>
    <ClCompile Include="modcall.cpp">
      <Filter>源文件</Filter>
    </ClCompile>
    <ClCompile Include="modules.cpp">
      <Filter>源文件</Filter>
    </ClCompile>
    <ClCompile Include="mschap.cpp">
      <Filter>源文件</Filter>
    </ClCompile>
    <ClCompile Include="..\src\lib\packet.cpp">
      <Filter>源文件</Filter>
    </ClCompile>
    <ClCompile Include="..\src\lib\print.cpp">
      <Filter>源文件</Filter>
    </ClCompile>
    <ClCompile Include="..\src\lib\radius.cpp">
      <Filter>源文件</Filter>
    </ClCompile>
    <ClCompile Include="radiusd.cpp">
      <Filter>源文件</Filter>
    </ClCompile>
    <ClCompile Include="..\src\lib\rbtree.cpp">
      <Filter>源文件</Filter>
    </ClCompile>
    <ClCompile Include="realms.cpp">
      <Filter>源文件</Filter>
    </ClCompile>
    <ClCompile Include="..\src\lib\sha1.cpp">
      <Filter>源文件</Filter>
    </ClCompile>
    <ClCompile Include="smbdes.cpp">
      <Filter>源文件</Filter>
    </ClCompile>
    <ClCompile Include="..\src\lib\snprintf.cpp">
      <Filter>源文件</Filter>
    </ClCompile>
    <ClCompile Include="stats.cpp">
      <Filter>源文件</Filter>
    </ClCompile>
    <ClCompile Include="stdafx.cpp">
      <Filter>源文件</Filter>
    </ClCompile>
    <ClCompile Include="..\src\lib\strlcat.cpp">
      <Filter>源文件</Filter>
    </ClCompile>
    <ClCompile Include="..\src\lib\strlcpy.cpp">
      <Filter>源文件</Filter>
    </ClCompile>
    <ClCompile Include="..\src\lib\token.cpp">
      <Filter>源文件</Filter>
    </ClCompile>
    <ClCompile Include="util.cpp">
      <Filter>源文件</Filter>
    </ClCompile>
    <ClCompile Include="valuepair.cpp">
      <Filter>源文件</Filter>
    </ClCompile>
    <ClCompile Include="version.cpp">
      <Filter>源文件</Filter>
    </ClCompile>
    <ClCompile Include="winradiusd.cpp">
      <Filter>源文件</Filter>
    </ClCompile>
    <ClCompile Include="xlat.cpp">
      <Filter>源文件</Filter>
    </ClCompile>
    <ClCompile Include="..\src\lib\valuepair-lib.cpp">
      <Filter>源文件</Filter>
    </ClCompile>
    <ClCompile Include="..\src\lib\dirent.cpp">
      <Filter>源文件</Filter>
    </ClCompile>
    <ClCompile Include="..\src\lib\hmacsha1.cpp">
      <Filter>源文件</Filter>
    </ClCompile>
    <ClCompile Include="soh.cpp">
      <Filter>源文件</Filter>
    </ClCompile>
    <ClCompile Include="..\src\modules\rlm_exec\rlm_exec.cpp">
      <Filter>源文件\module\rlm_exec</Filter>
    </ClCompile>
    <ClCompile Include="..\src\modules\rlm_pap\rlm_pap.cpp">
      <Filter>源文件\module\rlm_pap</Filter>
    </ClCompile>
    <ClCompile Include="..\src\modules\rlm_chap\rlm_chap.cpp">
      <Filter>源文件\module\rlm_chap</Filter>
    </ClCompile>
    <ClCompile Include="..\src\modules\rlm_mschap\opendir.cpp">
      <Filter>源文件\module\rlm_mschap</Filter>
    </ClCompile>
    <ClCompile Include="..\src\modules\rlm_mschap\rlm_mschap.cpp">
      <Filter>源文件\module\rlm_mschap</Filter>
    </ClCompile>
    <ClCompile Include="..\src\modules\rlm_mschap\smbencrypt.cpp">
      <Filter>源文件\module\rlm_mschap</Filter>
    </ClCompile>
    <ClCompile Include="..\src\modules\rlm_digest\rlm_digest.cpp">
      <Filter>源文件\module\rlm_digest</Filter>
    </ClCompile>
    <ClCompile Include="..\src\modules\rlm_eap\cb.cpp">
      <Filter>源文件\module\rlm_eap</Filter>
    </ClCompile>
    <ClCompile Include="..\src\modules\rlm_eap\eap.cpp">
      <Filter>源文件\module\rlm_eap</Filter>
    </ClCompile>
    <ClCompile Include="..\src\modules\rlm_eap\eap_leap.cpp">
      <Filter>源文件\module\rlm_eap</Filter>
    </ClCompile>
    <ClCompile Include="..\src\modules\rlm_eap\eap_md5.cpp">
      <Filter>源文件\module\rlm_eap</Filter>
    </ClCompile>
    <ClCompile Include="..\src\modules\rlm_eap\eap_tls.cpp">
      <Filter>源文件\module\rlm_eap</Filter>
    </ClCompile>
    <ClCompile Include="..\src\modules\rlm_eap\eap_tnc.cpp">
      <Filter>源文件\module\rlm_eap</Filter>
    </ClCompile>
    <ClCompile Include="..\src\modules\rlm_eap\eapcommon.cpp">
      <Filter>源文件\module\rlm_eap</Filter>
    </ClCompile>
    <ClCompile Include="..\src\modules\rlm_eap\eapcrypto.cpp">
      <Filter>源文件\module\rlm_eap</Filter>
    </ClCompile>
    <ClCompile Include="..\src\modules\rlm_eap\eapsimlib.cpp">
      <Filter>源文件\module\rlm_eap</Filter>
    </ClCompile>
    <ClCompile Include="..\src\modules\rlm_eap\fips186prf.cpp">
      <Filter>源文件\module\rlm_eap</Filter>
    </ClCompile>
    <ClCompile Include="..\src\modules\rlm_eap\mem.cpp">
      <Filter>源文件\module\rlm_eap</Filter>
    </ClCompile>
    <ClCompile Include="..\src\modules\rlm_eap\mppe_keys.cpp">
      <Filter>源文件\module\rlm_eap</Filter>
    </ClCompile>
    <ClCompile Include="..\src\modules\rlm_eap\peap.cpp">
      <Filter>源文件\module\rlm_eap</Filter>
    </ClCompile>
    <ClCompile Include="..\src\modules\rlm_eap\rlm_eap.cpp">
      <Filter>源文件\module\rlm_eap</Filter>
    </ClCompile>
    <ClCompile Include="..\src\modules\rlm_eap\rlm_eap_gtc.cpp">
      <Filter>源文件\module\rlm_eap</Filter>
    </ClCompile>
    <ClCompile Include="..\src\modules\rlm_eap\rlm_eap_leap.cpp">
      <Filter>源文件\module\rlm_eap</Filter>
    </ClCompile>
    <ClCompile Include="..\src\modules\rlm_eap\rlm_eap_md5.cpp">
      <Filter>源文件\module\rlm_eap</Filter>
    </ClCompile>
    <ClCompile Include="..\src\modules\rlm_eap\rlm_eap_mschapv2.cpp">
      <Filter>源文件\module\rlm_eap</Filter>
    </ClCompile>
    <ClCompile Include="..\src\modules\rlm_eap\rlm_eap_peap.cpp">
      <Filter>源文件\module\rlm_eap</Filter>
    </ClCompile>
    <ClCompile Include="..\src\modules\rlm_eap\rlm_eap_sim.cpp">
      <Filter>源文件\module\rlm_eap</Filter>
    </ClCompile>
    <ClCompile Include="..\src\modules\rlm_eap\rlm_eap_tls.cpp">
      <Filter>源文件\module\rlm_eap</Filter>
    </ClCompile>
    <ClCompile Include="..\src\modules\rlm_eap\rlm_eap_tnc.cpp">
      <Filter>源文件\module\rlm_eap</Filter>
    </ClCompile>
    <ClCompile Include="..\src\modules\rlm_eap\rlm_eap_ttls.cpp">
      <Filter>源文件\module\rlm_eap</Filter>
    </ClCompile>
    <ClCompile Include="..\src\modules\rlm_eap\tls.cpp">
      <Filter>源文件\module\rlm_eap</Filter>
    </ClCompile>
    <ClCompile Include="..\src\modules\rlm_eap\tncs_connect.cpp">
      <Filter>源文件\module\rlm_eap</Filter>
    </ClCompile>
    <ClCompile Include="..\src\modules\rlm_eap\ttls.cpp">
      <Filter>源文件\module\rlm_eap</Filter>
    </ClCompile>
    <ClCompile Include="..\src\modules\rlm_mschap\mschap1.cpp">
      <Filter>源文件\module\rlm_mschap</Filter>
    </ClCompile>
    <ClCompile Include="..\src\modules\rlm_eap\smbdes1.cpp">
      <Filter>源文件\module\rlm_eap</Filter>
    </ClCompile>
    <ClCompile Include="..\src\lib\log-lib.cpp">
      <Filter>源文件</Filter>
    </ClCompile>
    <ClCompile Include="..\src\modules\rlm_preprocess\rlm_preprocess.cpp">
      <Filter>源文件\module\rlm_preprocess</Filter>
    </ClCompile>
    <ClCompile Include="files.cpp">
      <Filter>源文件</Filter>
    </ClCompile>
    <ClCompile Include="..\src\modules\rlm_realm\rlm_realm.cpp">
      <Filter>源文件\module\rlm_realm</Filter>
    </ClCompile>
    <ClCompile Include="..\src\modules\rlm_files\rlm_files.cpp">
      <Filter>源文件\module\rlm_files</Filter>
    </ClCompile>
    <ClCompile Include="..\src\modules\rlm_expiration\rlm_expiration.cpp">
      <Filter>源文件\module\rlm_expiration</Filter>
    </ClCompile>
    <ClCompile Include="..\src\modules\rlm_logintime\rlm_logintime.cpp">
      <Filter>源文件\module\rlm_logintime</Filter>
    </ClCompile>
    <ClCompile Include="..\src\modules\rlm_logintime\timestr.cpp">
      <Filter>源文件\module\rlm_logintime</Filter>
    </ClCompile>
    <ClCompile Include="..\src\modules\rlm_acct_unique\rlm_acct_unique.cpp">
      <Filter>源文件\module\rlm_acct_unique</Filter>
    </ClCompile>
    <ClCompile Include="..\src\modules\rlm_detail\rlm_detail.cpp">
      <Filter>源文件\module\rlm_detail</Filter>
    </ClCompile>
    <ClCompile Include="session.cpp">
      <Filter>源文件</Filter>
    </ClCompile>
    <ClCompile Include="..\src\modules\rlm_radutmp\rlm_radutmp.cpp">
      <Filter>源文件\module\rlm_radutmp</Filter>
    </ClCompile>
    <ClCompile Include="..\src\modules\rlm_attr_filter\rlm_attr_filter.cpp">
      <Filter>源文件\module\rlm_attr_filter</Filter>
    </ClCompile>
    <ClCompile Include="..\src\modules\rlm_acctlog\rlm_acctlog.cpp">
      <Filter>源文件\module\rlm_acctlog</Filter>
    </ClCompile>
    <ClCompile Include="..\src\modules\rlm_always\rlm_always.cpp">
      <Filter>源文件\module\rlm_always</Filter>
    </ClCompile>
    <ClCompile Include="..\src\modules\rlm_attr_rewrite\rlm_attr_rewrite.cpp">
      <Filter>源文件\module\rlm_attr_rewrite</Filter>
    </ClCompile>
    <ClCompile Include="..\src\modules\rlm_cache\rlm_cache.cpp">
      <Filter>源文件\module\rlm_cache</Filter>
    </ClCompile>
    <ClCompile Include="..\src\modules\rlm_caching\rlm_caching.cpp">
      <Filter>源文件\module\rlm_caching</Filter>
    </ClCompile>
  </ItemGroup>
  <ItemGroup>
    <ClInclude Include="mschap.h">
      <Filter>源文件</Filter>
    </ClInclude>
    <ClInclude Include="stdafx.h">
      <Filter>头文件</Filter>
    </ClInclude>
    <ClInclude Include="targetver.h">
      <Filter>头文件</Filter>
    </ClInclude>
    <ClInclude Include="..\src\freeradius-devel\radiusd.h">
      <Filter>头文件</Filter>
    </ClInclude>
    <ClInclude Include="..\src\freeradius-devel\radpaths.h">
      <Filter>头文件</Filter>
    </ClInclude>
  </ItemGroup>
  <ItemGroup>
    <None Include="ReadMe.txt" />
  </ItemGroup>
</Project>