<?xml version="1.0" encoding="utf-8"?>
<Project ToolsVersion="4.0" xmlns="http://schemas.microsoft.com/developer/msbuild/2003">
  <ItemGroup>
    <Filter Include="源文件">
      <UniqueIdentifier>{4FC737F1-C7A5-4376-A066-2A32D752A2FF}</UniqueIdentifier>
      <Extensions>cpp;c;cc;cxx;def;odl;idl;hpj;bat;asm;asmx</Extensions>
    </Filter>
    <Filter Include="头文件">
      <UniqueIdentifier>{93995380-89BD-4b04-88EB-625FBE52EBFB}</UniqueIdentifier>
      <Extensions>h;hpp;hxx;hm;inl;inc;xsd</Extensions>
    </Filter>
    <Filter Include="资源文件">
      <UniqueIdentifier>{67DA6AB6-F800-4c08-8B7A-83BB121AAD01}</UniqueIdentifier>
      <Extensions>rc;ico;cur;bmp;dlg;rc2;rct;bin;rgs;gif;jpg;jpeg;jpe;resx;tiff;tif;png;wav;mfcribbon-ms</Extensions>
    </Filter>
  </ItemGroup>
  <ItemGroup>
    <ClInclude Include="eap.h">
      <Filter>头文件</Filter>
    </ClInclude>
    <ClInclude Include="eap_leap.h">
      <Filter>头文件</Filter>
    </ClInclude>
    <ClInclude Include="eap_md5.h">
      <Filter>头文件</Filter>
    </ClInclude>
    <ClInclude Include="eap_mschapv2.h">
      <Filter>头文件</Filter>
    </ClInclude>
    <ClInclude Include="eap_peap.h">
      <Filter>头文件</Filter>
    </ClInclude>
    <ClInclude Include="eap_tnc.h">
      <Filter>头文件</Filter>
    </ClInclude>
    <ClInclude Include="eap_ttls.h">
      <Filter>头文件</Filter>
    </ClInclude>
    <ClInclude Include="ike_conf.h">
      <Filter>头文件</Filter>
    </ClInclude>
    <ClInclude Include="logging_impl.h">
      <Filter>头文件</Filter>
    </ClInclude>
    <ClInclude Include="rlm_eap.h">
      <Filter>头文件</Filter>
    </ClInclude>
    <ClInclude Include="rlm_eap_tls.h">
      <Filter>头文件</Filter>
    </ClInclude>
    <ClInclude Include="tncs.h">
      <Filter>头文件</Filter>
    </ClInclude>
    <ClInclude Include="tncs_connect.h">
      <Filter>头文件</Filter>
    </ClInclude>
    <ClInclude Include="libeap\eap_sim.h">
      <Filter>头文件</Filter>
    </ClInclude>
    <ClInclude Include="libeap\eap_tls.h">
      <Filter>头文件</Filter>
    </ClInclude>
    <ClInclude Include="libeap\eap_types.h">
      <Filter>头文件</Filter>
    </ClInclude>
  </ItemGroup>
  <ItemGroup>
    <ClCompile Include="eap_tnc.cpp">
      <Filter>源文件</Filter>
    </ClCompile>
    <ClCompile Include="cb.cpp">
      <Filter>源文件</Filter>
    </ClCompile>
    <ClCompile Include="eap.cpp">
      <Filter>源文件</Filter>
    </ClCompile>
    <ClCompile Include="eap_leap.cpp">
      <Filter>源文件</Filter>
    </ClCompile>
    <ClCompile Include="eap_md5.cpp">
      <Filter>源文件</Filter>
    </ClCompile>
    <ClCompile Include="eap_tls.cpp">
      <Filter>源文件</Filter>
    </ClCompile>
    <ClCompile Include="eapcommon.cpp">
      <Filter>源文件</Filter>
    </ClCompile>
    <ClCompile Include="eapcrypto.cpp">
      <Filter>源文件</Filter>
    </ClCompile>
    <ClCompile Include="eapsimlib.cpp">
      <Filter>源文件</Filter>
    </ClCompile>
    <ClCompile Include="fips186prf.cpp">
      <Filter>源文件</Filter>
    </ClCompile>
    <ClCompile Include="mem.cpp">
      <Filter>源文件</Filter>
    </ClCompile>
    <ClCompile Include="mppe_keys.cpp">
      <Filter>源文件</Filter>
    </ClCompile>
    <ClCompile Include="peap.cpp">
      <Filter>源文件</Filter>
    </ClCompile>
    <ClCompile Include="rlm_eap.cpp">
      <Filter>源文件</Filter>
    </ClCompile>
    <ClCompile Include="rlm_eap_gtc.cpp">
      <Filter>源文件</Filter>
    </ClCompile>
    <ClCompile Include="rlm_eap_leap.cpp">
      <Filter>源文件</Filter>
    </ClCompile>
    <ClCompile Include="rlm_eap_md5.cpp">
      <Filter>源文件</Filter>
    </ClCompile>
    <ClCompile Include="rlm_eap_mschapv2.cpp">
      <Filter>源文件</Filter>
    </ClCompile>
    <ClCompile Include="rlm_eap_peap.cpp">
      <Filter>源文件</Filter>
    </ClCompile>
    <ClCompile Include="rlm_eap_sim.cpp">
      <Filter>源文件</Filter>
    </ClCompile>
    <ClCompile Include="rlm_eap_tnc.cpp">
      <Filter>源文件</Filter>
    </ClCompile>
    <ClCompile Include="rlm_eap_ttls.cpp">
      <Filter>源文件</Filter>
    </ClCompile>
    <ClCompile Include="smbdes.cpp">
      <Filter>源文件</Filter>
    </ClCompile>
    <ClCompile Include="tls.cpp">
      <Filter>源文件</Filter>
    </ClCompile>
    <ClCompile Include="tncs_connect.cpp">
      <Filter>源文件</Filter>
    </ClCompile>
    <ClCompile Include="ttls.cpp">
      <Filter>源文件</Filter>
    </ClCompile>
    <ClCompile Include="rlm_eap_tls.cpp">
      <Filter>源文件</Filter>
    </ClCompile>
  </ItemGroup>
</Project>