
Microsoft Visual Studio Solution File, Format Version 11.00
# Visual Studio 2010
Project("{8BC9CEB8-8B4A-11D0-8D11-00A0C91BC942}") = "WinRadiusClient", "WinRadiusClient\WinRadiusClient.vcxproj", "{61A3B409-D9BF-4CA5-A2B7-BC523C07A7D3}"
EndProject
Project("{8BC9CEB8-8B4A-11D0-8D11-00A0C91BC942}") = "winradiusd", "winradiusd\winradiusd.vcxproj", "{2A402555-8126-4A05-AE98-CA2D40440CF6}"
EndProject
Global
	GlobalSection(SolutionConfigurationPlatforms) = preSolution
		Debug|Win32 = Debug|Win32
		Release|Win32 = Release|Win32
	EndGlobalSection
	GlobalSection(ProjectConfigurationPlatforms) = postSolution
		{61A3B409-D9BF-4CA5-A2B7-BC523C07A7D3}.Debug|Win32.ActiveCfg = Debug|Win32
		{61A3B409-D9BF-4CA5-A2B7-BC523C07A7D3}.Debug|Win32.Build.0 = Debug|Win32
		{61A3B409-D9BF-4CA5-A2B7-BC523C07A7D3}.Release|Win32.ActiveCfg = Release|Win32
		{61A3B409-D9BF-4CA5-A2B7-BC523C07A7D3}.Release|Win32.Build.0 = Release|Win32
		{2A402555-8126-4A05-AE98-CA2D40440CF6}.Debug|Win32.ActiveCfg = Debug|Win32
		{2A402555-8126-4A05-AE98-CA2D40440CF6}.Debug|Win32.Build.0 = Debug|Win32
		{2A402555-8126-4A05-AE98-CA2D40440CF6}.Release|Win32.ActiveCfg = Release|Win32
		{2A402555-8126-4A05-AE98-CA2D40440CF6}.Release|Win32.Build.0 = Release|Win32
	EndGlobalSection
	GlobalSection(SolutionProperties) = preSolution
		HideSolutionNode = FALSE
	EndGlobalSection
EndGlobal
